
Microsoft Visual Studio Solution File, Format Version 12.00
# Visual Studio Version 16
VisualStudioVersion = 16.0.29728.190
MinimumVisualStudioVersion = 10.0.40219.1
Project("{FAE04EC0-301F-11D3-BF4B-00C04F79EFBC}") = "GoldBadgeConsoleApps", "GoldBadgeConsoleApps.csproj", "{D8C97D46-3CBC-44A8-A079-77EC1BC05E9E}"
EndProject
Project("{2150E333-8FDC-42A3-9474-1A3956D46DE8}") = "01_KomodoCafe", "01_KomodoCafe", "{30D2BD09-9523-412F-BEB7-48D2AED53B7B}"
EndProject
Project("{FAE04EC0-301F-11D3-BF4B-00C04F79EFBC}") = "CafeUnitTest", "..\CafeUnitTest\CafeUnitTest.csproj", "{60216C43-EC9E-4D6F-AA4B-9EEBEA791CF4}"
EndProject
Global
	GlobalSection(SolutionConfigurationPlatforms) = preSolution
		Debug|Any CPU = Debug|Any CPU
		Release|Any CPU = Release|Any CPU
	EndGlobalSection
	GlobalSection(ProjectConfigurationPlatforms) = postSolution
		{D8C97D46-3CBC-44A8-A079-77EC1BC05E9E}.Debug|Any CPU.ActiveCfg = Debug|Any CPU
		{D8C97D46-3CBC-44A8-A079-77EC1BC05E9E}.Debug|Any CPU.Build.0 = Debug|Any CPU
		{D8C97D46-3CBC-44A8-A079-77EC1BC05E9E}.Release|Any CPU.ActiveCfg = Release|Any CPU
		{D8C97D46-3CBC-44A8-A079-77EC1BC05E9E}.Release|Any CPU.Build.0 = Release|Any CPU
		{60216C43-EC9E-4D6F-AA4B-9EEBEA791CF4}.Debug|Any CPU.ActiveCfg = Debug|Any CPU
		{60216C43-EC9E-4D6F-AA4B-9EEBEA791CF4}.Debug|Any CPU.Build.0 = Debug|Any CPU
		{60216C43-EC9E-4D6F-AA4B-9EEBEA791CF4}.Release|Any CPU.ActiveCfg = Release|Any CPU
		{60216C43-EC9E-4D6F-AA4B-9EEBEA791CF4}.Release|Any CPU.Build.0 = Release|Any CPU
	EndGlobalSection
	GlobalSection(SolutionProperties) = preSolution
		HideSolutionNode = FALSE
	EndGlobalSection
	GlobalSection(NestedProjects) = preSolution
		{D8C97D46-3CBC-44A8-A079-77EC1BC05E9E} = {30D2BD09-9523-412F-BEB7-48D2AED53B7B}
		{60216C43-EC9E-4D6F-AA4B-9EEBEA791CF4} = {30D2BD09-9523-412F-BEB7-48D2AED53B7B}
	EndGlobalSection
	GlobalSection(ExtensibilityGlobals) = postSolution
		SolutionGuid = {C31D4E18-C7D3-44BA-95CA-28E21A1D2394}
	EndGlobalSection
EndGlobal
